// !$*UTF8*$!
{
	archiveVersion = 1;
	classes = {
	};
	objectVersion = 48;
	objects = {

/* Begin PBXBuildFile section */
		3C78E05C1FD3FBCE00F0503D /* AppDelegate.m in Sources */ = {isa = PBXBuildFile; fileRef = 3C78E05B1FD3FBCE00F0503D /* AppDelegate.m */; };
		3C78E05F1FD3FBCE00F0503D /* ClockViewController.m in Sources */ = {isa = PBXBuildFile; fileRef = 3C78E05E1FD3FBCE00F0503D /* ClockViewController.m */; };
		3C78E0621FD3FBCE00F0503D /* WhetherViewController.m in Sources */ = {isa = PBXBuildFile; fileRef = 3C78E0611FD3FBCE00F0503D /* WhetherViewController.m */; };
		3C78E0651FD3FBCE00F0503D /* Main.storyboard in Resources */ = {isa = PBXBuildFile; fileRef = 3C78E0631FD3FBCE00F0503D /* Main.storyboard */; };
		3C78E0671FD3FBCE00F0503D /* Assets.xcassets in Resources */ = {isa = PBXBuildFile; fileRef = 3C78E0661FD3FBCE00F0503D /* Assets.xcassets */; };
		3C78E06A1FD3FBCE00F0503D /* LaunchScreen.storyboard in Resources */ = {isa = PBXBuildFile; fileRef = 3C78E0681FD3FBCE00F0503D /* LaunchScreen.storyboard */; };
		3C78E06D1FD3FBCE00F0503D /* main.m in Sources */ = {isa = PBXBuildFile; fileRef = 3C78E06C1FD3FBCE00F0503D /* main.m */; };
		3C78E0771FD3FBCE00F0503D /* CWCTests.m in Sources */ = {isa = PBXBuildFile; fileRef = 3C78E0761FD3FBCE00F0503D /* CWCTests.m */; };
		3C78E0821FD3FBCE00F0503D /* CWCUITests.m in Sources */ = {isa = PBXBuildFile; fileRef = 3C78E0811FD3FBCE00F0503D /* CWCUITests.m */; };
		3C78E0921FD3FC3C00F0503D /* Images.xcassets in Resources */ = {isa = PBXBuildFile; fileRef = 3C78E0911FD3FC3B00F0503D /* Images.xcassets */; };
		3C9731581FD7014C001D9AF9 /* LxzhGraphic.m in Sources */ = {isa = PBXBuildFile; fileRef = 3C9731571FD7014C001D9AF9 /* LxzhGraphic.m */; };
		3CB0677A1FD405A00057A9F7 /* CalendarViewController.m in Sources */ = {isa = PBXBuildFile; fileRef = 3CB067791FD405A00057A9F7 /* CalendarViewController.m */; };
		3CB0677E1FD4261A0057A9F7 /* UIClockView.m in Sources */ = {isa = PBXBuildFile; fileRef = 3CB0677D1FD4261A0057A9F7 /* UIClockView.m */; };
/* End PBXBuildFile section */

/* Begin PBXContainerItemProxy section */
		3C78E0731FD3FBCE00F0503D /* PBXContainerItemProxy */ = {
			isa = PBXContainerItemProxy;
			containerPortal = 3C78E04F1FD3FBCE00F0503D /* Project object */;
			proxyType = 1;
			remoteGlobalIDString = 3C78E0561FD3FBCE00F0503D;
			remoteInfo = CWC;
		};
		3C78E07E1FD3FBCE00F0503D /* PBXContainerItemProxy */ = {
			isa = PBXContainerItemProxy;
			containerPortal = 3C78E04F1FD3FBCE00F0503D /* Project object */;
			proxyType = 1;
			remoteGlobalIDString = 3C78E0561FD3FBCE00F0503D;
			remoteInfo = CWC;
		};
/* End PBXContainerItemProxy section */

/* Begin PBXFileReference section */
		3C78E0571FD3FBCE00F0503D /* CWC.app */ = {isa = PBXFileReference; explicitFileType = wrapper.application; includeInIndex = 0; path = CWC.app; sourceTree = BUILT_PRODUCTS_DIR; };
		3C78E05A1FD3FBCE00F0503D /* AppDelegate.h */ = {isa = PBXFileReference; lastKnownFileType = sourcecode.c.h; path = AppDelegate.h; sourceTree = "<group>"; };
		3C78E05B1FD3FBCE00F0503D /* AppDelegate.m */ = {isa = PBXFileReference; lastKnownFileType = sourcecode.c.objc; path = AppDelegate.m; sourceTree = "<group>"; };
		3C78E05D1FD3FBCE00F0503D /* ClockViewController.h */ = {isa = PBXFileReference; lastKnownFileType = sourcecode.c.h; path = ClockViewController.h; sourceTree = "<group>"; };
		3C78E05E1FD3FBCE00F0503D /* ClockViewController.m */ = {isa = PBXFileReference; lastKnownFileType = sourcecode.c.objc; path = ClockViewController.m; sourceTree = "<group>"; };
		3C78E0601FD3FBCE00F0503D /* WhetherViewController.h */ = {isa = PBXFileReference; lastKnownFileType = sourcecode.c.h; path = WhetherViewController.h; sourceTree = "<group>"; };
		3C78E0611FD3FBCE00F0503D /* WhetherViewController.m */ = {isa = PBXFileReference; lastKnownFileType = sourcecode.c.objc; path = WhetherViewController.m; sourceTree = "<group>"; };
		3C78E0641FD3FBCE00F0503D /* Base */ = {isa = PBXFileReference; lastKnownFileType = file.storyboard; name = Base; path = Base.lproj/Main.storyboard; sourceTree = "<group>"; };
		3C78E0661FD3FBCE00F0503D /* Assets.xcassets */ = {isa = PBXFileReference; lastKnownFileType = folder.assetcatalog; path = Assets.xcassets; sourceTree = "<group>"; };
		3C78E0691FD3FBCE00F0503D /* Base */ = {isa = PBXFileReference; lastKnownFileType = file.storyboard; name = Base; path = Base.lproj/LaunchScreen.storyboard; sourceTree = "<group>"; };
		3C78E06B1FD3FBCE00F0503D /* Info.plist */ = {isa = PBXFileReference; lastKnownFileType = text.plist.xml; path = Info.plist; sourceTree = "<group>"; };
		3C78E06C1FD3FBCE00F0503D /* main.m */ = {isa = PBXFileReference; lastKnownFileType = sourcecode.c.objc; path = main.m; sourceTree = "<group>"; };
		3C78E0721FD3FBCE00F0503D /* CWCTests.xctest */ = {isa = PBXFileReference; explicitFileType = wrapper.cfbundle; includeInIndex = 0; path = CWCTests.xctest; sourceTree = BUILT_PRODUCTS_DIR; };
		3C78E0761FD3FBCE00F0503D /* CWCTests.m */ = {isa = PBXFileReference; lastKnownFileType = sourcecode.c.objc; path = CWCTests.m; sourceTree = "<group>"; };
		3C78E0781FD3FBCE00F0503D /* Info.plist */ = {isa = PBXFileReference; lastKnownFileType = text.plist.xml; path = Info.plist; sourceTree = "<group>"; };
		3C78E07D1FD3FBCE00F0503D /* CWCUITests.xctest */ = {isa = PBXFileReference; explicitFileType = wrapper.cfbundle; includeInIndex = 0; path = CWCUITests.xctest; sourceTree = BUILT_PRODUCTS_DIR; };
		3C78E0811FD3FBCE00F0503D /* CWCUITests.m */ = {isa = PBXFileReference; lastKnownFileType = sourcecode.c.objc; path = CWCUITests.m; sourceTree = "<group>"; };
		3C78E0831FD3FBCE00F0503D /* Info.plist */ = {isa = PBXFileReference; lastKnownFileType = text.plist.xml; path = Info.plist; sourceTree = "<group>"; };
		3C78E0911FD3FC3B00F0503D /* Images.xcassets */ = {isa = PBXFileReference; lastKnownFileType = folder.assetcatalog; path = Images.xcassets; sourceTree = "<group>"; };
		3C8A5F771FD6FF5700235E85 /* LxzhGraphic.h */ = {isa = PBXFileReference; lastKnownFileType = sourcecode.c.h; path = LxzhGraphic.h; sourceTree = "<group>"; };
		3C9731571FD7014C001D9AF9 /* LxzhGraphic.m */ = {isa = PBXFileReference; lastKnownFileType = sourcecode.c.objc; path = LxzhGraphic.m; sourceTree = "<group>"; };
		3CB067781FD4059F0057A9F7 /* CalendarViewController.h */ = {isa = PBXFileReference; fileEncoding = 4; lastKnownFileType = sourcecode.c.h; path = CalendarViewController.h; sourceTree = "<group>"; };
		3CB067791FD405A00057A9F7 /* CalendarViewController.m */ = {isa = PBXFileReference; fileEncoding = 4; lastKnownFileType = sourcecode.c.objc; path = CalendarViewController.m; sourceTree = "<group>"; };
		3CB0677C1FD4258F0057A9F7 /* UIClockView.h */ = {isa = PBXFileReference; lastKnownFileType = sourcecode.c.h; path = UIClockView.h; sourceTree = "<group>"; };
		3CB0677D1FD4261A0057A9F7 /* UIClockView.m */ = {isa = PBXFileReference; lastKnownFileType = sourcecode.c.objc; path = UIClockView.m; sourceTree = "<group>"; };
/* End PBXFileReference section */

/* Begin PBXFrameworksBuildPhase section */
		3C78E0541FD3FBCE00F0503D /* Frameworks */ = {
			isa = PBXFrameworksBuildPhase;
			buildActionMask = 2147483647;
			files = (
			);
			runOnlyForDeploymentPostprocessing = 0;
		};
		3C78E06F1FD3FBCE00F0503D /* Frameworks */ = {
			isa = PBXFrameworksBuildPhase;
			buildActionMask = 2147483647;
			files = (
			);
			runOnlyForDeploymentPostprocessing = 0;
		};
		3C78E07A1FD3FBCE00F0503D /* Frameworks */ = {
			isa = PBXFrameworksBuildPhase;
			buildActionMask = 2147483647;
			files = (
			);
			runOnlyForDeploymentPostprocessing = 0;
		};
/* End PBXFrameworksBuildPhase section */

/* Begin PBXGroup section */
		3C78E04E1FD3FBCE00F0503D = {
			isa = PBXGroup;
			children = (
				3C78E0591FD3FBCE00F0503D /* CWC */,
				3C78E0751FD3FBCE00F0503D /* CWCTests */,
				3C78E0801FD3FBCE00F0503D /* CWCUITests */,
				3C78E0581FD3FBCE00F0503D /* Products */,
			);
			sourceTree = "<group>";
		};
		3C78E0581FD3FBCE00F0503D /* Products */ = {
			isa = PBXGroup;
			children = (
				3C78E0571FD3FBCE00F0503D /* CWC.app */,
				3C78E0721FD3FBCE00F0503D /* CWCTests.xctest */,
				3C78E07D1FD3FBCE00F0503D /* CWCUITests.xctest */,
			);
			name = Products;
			sourceTree = "<group>";
		};
		3C78E0591FD3FBCE00F0503D /* CWC */ = {
			isa = PBXGroup;
			children = (
				3C8A5F761FD6FF1B00235E85 /* util */,
				3CB067781FD4059F0057A9F7 /* CalendarViewController.h */,
				3CB067791FD405A00057A9F7 /* CalendarViewController.m */,
				3C78E0911FD3FC3B00F0503D /* Images.xcassets */,
				3C78E05A1FD3FBCE00F0503D /* AppDelegate.h */,
				3C78E05B1FD3FBCE00F0503D /* AppDelegate.m */,
				3C78E05D1FD3FBCE00F0503D /* ClockViewController.h */,
				3C78E05E1FD3FBCE00F0503D /* ClockViewController.m */,
				3C78E0601FD3FBCE00F0503D /* WhetherViewController.h */,
				3C78E0611FD3FBCE00F0503D /* WhetherViewController.m */,
				3C78E0631FD3FBCE00F0503D /* Main.storyboard */,
				3C78E0661FD3FBCE00F0503D /* Assets.xcassets */,
				3C78E0681FD3FBCE00F0503D /* LaunchScreen.storyboard */,
				3C78E06B1FD3FBCE00F0503D /* Info.plist */,
				3C78E06C1FD3FBCE00F0503D /* main.m */,
				3CB0677C1FD4258F0057A9F7 /* UIClockView.h */,
				3CB0677D1FD4261A0057A9F7 /* UIClockView.m */,
			);
			path = CWC;
			sourceTree = "<group>";
		};
		3C78E0751FD3FBCE00F0503D /* CWCTests */ = {
			isa = PBXGroup;
			children = (
				3C78E0761FD3FBCE00F0503D /* CWCTests.m */,
				3C78E0781FD3FBCE00F0503D /* Info.plist */,
			);
			path = CWCTests;
			sourceTree = "<group>";
		};
		3C78E0801FD3FBCE00F0503D /* CWCUITests */ = {
			isa = PBXGroup;
			children = (
				3C78E0811FD3FBCE00F0503D /* CWCUITests.m */,
				3C78E0831FD3FBCE00F0503D /* Info.plist */,
			);
			path = CWCUITests;
			sourceTree = "<group>";
		};
		3C8A5F761FD6FF1B00235E85 /* util */ = {
			isa = PBXGroup;
			children = (
				3C8A5F771FD6FF5700235E85 /* LxzhGraphic.h */,
				3C9731571FD7014C001D9AF9 /* LxzhGraphic.m */,
			);
			path = util;
			sourceTree = "<group>";
		};
/* End PBXGroup section */

/* Begin PBXNativeTarget section */
		3C78E0561FD3FBCE00F0503D /* CWC */ = {
			isa = PBXNativeTarget;
			buildConfigurationList = 3C78E0861FD3FBCE00F0503D /* Build configuration list for PBXNativeTarget "CWC" */;
			buildPhases = (
				3C78E0531FD3FBCE00F0503D /* Sources */,
				3C78E0541FD3FBCE00F0503D /* Frameworks */,
				3C78E0551FD3FBCE00F0503D /* Resources */,
			);
			buildRules = (
			);
			dependencies = (
			);
			name = CWC;
			productName = CWC;
			productReference = 3C78E0571FD3FBCE00F0503D /* CWC.app */;
			productType = "com.apple.product-type.application";
		};
		3C78E0711FD3FBCE00F0503D /* CWCTests */ = {
			isa = PBXNativeTarget;
			buildConfigurationList = 3C78E0891FD3FBCE00F0503D /* Build configuration list for PBXNativeTarget "CWCTests" */;
			buildPhases = (
				3C78E06E1FD3FBCE00F0503D /* Sources */,
				3C78E06F1FD3FBCE00F0503D /* Frameworks */,
				3C78E0701FD3FBCE00F0503D /* Resources */,
			);
			buildRules = (
			);
			dependencies = (
				3C78E0741FD3FBCE00F0503D /* PBXTargetDependency */,
			);
			name = CWCTests;
			productName = CWCTests;
			productReference = 3C78E0721FD3FBCE00F0503D /* CWCTests.xctest */;
			productType = "com.apple.product-type.bundle.unit-test";
		};
		3C78E07C1FD3FBCE00F0503D /* CWCUITests */ = {
			isa = PBXNativeTarget;
			buildConfigurationList = 3C78E08C1FD3FBCE00F0503D /* Build configuration list for PBXNativeTarget "CWCUITests" */;
			buildPhases = (
				3C78E0791FD3FBCE00F0503D /* Sources */,
				3C78E07A1FD3FBCE00F0503D /* Frameworks */,
				3C78E07B1FD3FBCE00F0503D /* Resources */,
			);
			buildRules = (
			);
			dependencies = (
				3C78E07F1FD3FBCE00F0503D /* PBXTargetDependency */,
			);
			name = CWCUITests;
			productName = CWCUITests;
			productReference = 3C78E07D1FD3FBCE00F0503D /* CWCUITests.xctest */;
			productType = "com.apple.product-type.bundle.ui-testing";
		};
/* End PBXNativeTarget section */

/* Begin PBXProject section */
		3C78E04F1FD3FBCE00F0503D /* Project object */ = {
			isa = PBXProject;
			attributes = {
				LastUpgradeCheck = 0920;
				ORGANIZATIONNAME = lxzh;
				TargetAttributes = {
					3C78E0561FD3FBCE00F0503D = {
						CreatedOnToolsVersion = 9.2;
						ProvisioningStyle = Automatic;
					};
					3C78E0711FD3FBCE00F0503D = {
						CreatedOnToolsVersion = 9.2;
						ProvisioningStyle = Automatic;
						TestTargetID = 3C78E0561FD3FBCE00F0503D;
					};
					3C78E07C1FD3FBCE00F0503D = {
						CreatedOnToolsVersion = 9.2;
						ProvisioningStyle = Automatic;
						TestTargetID = 3C78E0561FD3FBCE00F0503D;
					};
				};
			};
			buildConfigurationList = 3C78E0521FD3FBCE00F0503D /* Build configuration list for PBXProject "CWC" */;
			compatibilityVersion = "Xcode 8.0";
			developmentRegion = en;
			hasScannedForEncodings = 0;
			knownRegions = (
				en,
				Base,
			);
			mainGroup = 3C78E04E1FD3FBCE00F0503D;
			productRefGroup = 3C78E0581FD3FBCE00F0503D /* Products */;
			projectDirPath = "";
			projectRoot = "";
			targets = (
				3C78E0561FD3FBCE00F0503D /* CWC */,
				3C78E0711FD3FBCE00F0503D /* CWCTests */,
				3C78E07C1FD3FBCE00F0503D /* CWCUITests */,
			);
		};
/* End PBXProject section */

/* Begin PBXResourcesBuildPhase section */
		3C78E0551FD3FBCE00F0503D /* Resources */ = {
			isa = PBXResourcesBuildPhase;
			buildActionMask = 2147483647;
			files = (
				3C78E06A1FD3FBCE00F0503D /* LaunchScreen.storyboard in Resources */,
				3C78E0921FD3FC3C00F0503D /* Images.xcassets in Resources */,
				3C78E0671FD3FBCE00F0503D /* Assets.xcassets in Resources */,
				3C78E0651FD3FBCE00F0503D /* Main.storyboard in Resources */,
			);
			runOnlyForDeploymentPostprocessing = 0;
		};
		3C78E0701FD3FBCE00F0503D /* Resources */ = {
			isa = PBXResourcesBuildPhase;
			buildActionMask = 2147483647;
			files = (
			);
			runOnlyForDeploymentPostprocessing = 0;
		};
		3C78E07B1FD3FBCE00F0503D /* Resources */ = {
			isa = PBXResourcesBuildPhase;
			buildActionMask = 2147483647;
			files = (
			);
			runOnlyForDeploymentPostprocessing = 0;
		};
/* End PBXResourcesBuildPhase section */

/* Begin PBXSourcesBuildPhase section */
		3C78E0531FD3FBCE00F0503D /* Sources */ = {
			isa = PBXSourcesBuildPhase;
			buildActionMask = 2147483647;
			files = (
				3C78E0621FD3FBCE00F0503D /* WhetherViewController.m in Sources */,
				3C78E05C1FD3FBCE00F0503D /* AppDelegate.m in Sources */,
				3C78E06D1FD3FBCE00F0503D /* main.m in Sources */,
				3CB0677A1FD405A00057A9F7 /* CalendarViewController.m in Sources */,
				3C78E05F1FD3FBCE00F0503D /* ClockViewController.m in Sources */,
				3CB0677E1FD4261A0057A9F7 /* UIClockView.m in Sources */,
				3C9731581FD7014C001D9AF9 /* LxzhGraphic.m in Sources */,
			);
			runOnlyForDeploymentPostprocessing = 0;
		};
		3C78E06E1FD3FBCE00F0503D /* Sources */ = {
			isa = PBXSourcesBuildPhase;
			buildActionMask = 2147483647;
			files = (
				3C78E0771FD3FBCE00F0503D /* CWCTests.m in Sources */,
			);
			runOnlyForDeploymentPostprocessing = 0;
		};
		3C78E0791FD3FBCE00F0503D /* Sources */ = {
			isa = PBXSourcesBuildPhase;
			buildActionMask = 2147483647;
			files = (
				3C78E0821FD3FBCE00F0503D /* CWCUITests.m in Sources */,
			);
			runOnlyForDeploymentPostprocessing = 0;
		};
/* End PBXSourcesBuildPhase section */

/* Begin PBXTargetDependency section */
		3C78E0741FD3FBCE00F0503D /* PBXTargetDependency */ = {
			isa = PBXTargetDependency;
			target = 3C78E0561FD3FBCE00F0503D /* CWC */;
			targetProxy = 3C78E0731FD3FBCE00F0503D /* PBXContainerItemProxy */;
		};
		3C78E07F1FD3FBCE00F0503D /* PBXTargetDependency */ = {
			isa = PBXTargetDependency;
			target = 3C78E0561FD3FBCE00F0503D /* CWC */;
			targetProxy = 3C78E07E1FD3FBCE00F0503D /* PBXContainerItemProxy */;
		};
/* End PBXTargetDependency section */

/* Begin PBXVariantGroup section */
		3C78E0631FD3FBCE00F0503D /* Main.storyboard */ = {
			isa = PBXVariantGroup;
			children = (
				3C78E0641FD3FBCE00F0503D /* Base */,
			);
			name = Main.storyboard;
			sourceTree = "<group>";
		};
		3C78E0681FD3FBCE00F0503D /* LaunchScreen.storyboard */ = {
			isa = PBXVariantGroup;
			children = (
				3C78E0691FD3FBCE00F0503D /* Base */,
			);
			name = LaunchScreen.storyboard;
			sourceTree = "<group>";
		};
/* End PBXVariantGroup section */

/* Begin XCBuildConfiguration section */
		3C78E0841FD3FBCE00F0503D /* Debug */ = {
			isa = XCBuildConfiguration;
			buildSettings = {
				ALWAYS_SEARCH_USER_PATHS = NO;
				CLANG_ANALYZER_NONNULL = YES;
				CLANG_ANALYZER_NUMBER_OBJECT_CONVERSION = YES_AGGRESSIVE;
				CLANG_CXX_LANGUAGE_STANDARD = "gnu++14";
				CLANG_CXX_LIBRARY = "libc++";
				CLANG_ENABLE_MODULES = YES;
				CLANG_ENABLE_OBJC_ARC = YES;
				CLANG_WARN_BLOCK_CAPTURE_AUTORELEASING = YES;
				CLANG_WARN_BOOL_CONVERSION = YES;
				CLANG_WARN_COMMA = YES;
				CLANG_WARN_CONSTANT_CONVERSION = YES;
				CLANG_WARN_DIRECT_OBJC_ISA_USAGE = YES_ERROR;
				CLANG_WARN_DOCUMENTATION_COMMENTS = YES;
				CLANG_WARN_EMPTY_BODY = YES;
				CLANG_WARN_ENUM_CONVERSION = YES;
				CLANG_WARN_INFINITE_RECURSION = YES;
				CLANG_WARN_INT_CONVERSION = YES;
				CLANG_WARN_NON_LITERAL_NULL_CONVERSION = YES;
				CLANG_WARN_OBJC_LITERAL_CONVERSION = YES;
				CLANG_WARN_OBJC_ROOT_CLASS = YES_ERROR;
				CLANG_WARN_RANGE_LOOP_ANALYSIS = YES;
				CLANG_WARN_STRICT_PROTOTYPES = YES;
				CLANG_WARN_SUSPICIOUS_MOVE = YES;
				CLANG_WARN_UNGUARDED_AVAILABILITY = YES_AGGRESSIVE;
				CLANG_WARN_UNREACHABLE_CODE = YES;
				CLANG_WARN__DUPLICATE_METHOD_MATCH = YES;
				CODE_SIGN_IDENTITY = "iPhone Developer";
				COPY_PHASE_STRIP = NO;
				DEBUG_INFORMATION_FORMAT = dwarf;
				ENABLE_STRICT_OBJC_MSGSEND = YES;
				ENABLE_TESTABILITY = YES;
				GCC_C_LANGUAGE_STANDARD = gnu11;
				GCC_DYNAMIC_NO_PIC = NO;
				GCC_NO_COMMON_BLOCKS = YES;
				GCC_OPTIMIZATION_LEVEL = 0;
				GCC_PREPROCESSOR_DEFINITIONS = (
					"DEBUG=1",
					"$(inherited)",
				);
				GCC_WARN_64_TO_32_BIT_CONVERSION = YES;
				GCC_WARN_ABOUT_RETURN_TYPE = YES_ERROR;
				GCC_WARN_UNDECLARED_SELECTOR = YES;
				GCC_WARN_UNINITIALIZED_AUTOS = YES_AGGRESSIVE;
				GCC_WARN_UNUSED_FUNCTION = YES;
				GCC_WARN_UNUSED_VARIABLE = YES;
				IPHONEOS_DEPLOYMENT_TARGET = 11.2;
				MTL_ENABLE_DEBUG_INFO = YES;
				ONLY_ACTIVE_ARCH = YES;
				SDKROOT = iphoneos;
			};
			name = Debug;
		};
		3C78E0851FD3FBCE00F0503D /* Release */ = {
			isa = XCBuildConfiguration;
			buildSettings = {
				ALWAYS_SEARCH_USER_PATHS = NO;
				CLANG_ANALYZER_NONNULL = YES;
				CLANG_ANALYZER_NUMBER_OBJECT_CONVERSION = YES_AGGRESSIVE;
				CLANG_CXX_LANGUAGE_STANDARD = "gnu++14";
				CLANG_CXX_LIBRARY = "libc++";
				CLANG_ENABLE_MODULES = YES;
				CLANG_ENABLE_OBJC_ARC = YES;
				CLANG_WARN_BLOCK_CAPTURE_AUTORELEASING = YES;
				CLANG_WARN_BOOL_CONVERSION = YES;
				CLANG_WARN_COMMA = YES;
				CLANG_WARN_CONSTANT_CONVERSION = YES;
				CLANG_WARN_DIRECT_OBJC_ISA_USAGE = YES_ERROR;
				CLANG_WARN_DOCUMENTATION_COMMENTS = YES;
				CLANG_WARN_EMPTY_BODY = YES;
				CLANG_WARN_ENUM_CONVERSION = YES;
				CLANG_WARN_INFINITE_RECURSION = YES;
				CLANG_WARN_INT_CONVERSION = YES;
				CLANG_WARN_NON_LITERAL_NULL_CONVERSION = YES;
				CLANG_WARN_OBJC_LITERAL_CONVERSION = YES;
				CLANG_WARN_OBJC_ROOT_CLASS = YES_ERROR;
				CLANG_WARN_RANGE_LOOP_ANALYSIS = YES;
				CLANG_WARN_STRICT_PROTOTYPES = YES;
				CLANG_WARN_SUSPICIOUS_MOVE = YES;
				CLANG_WARN_UNGUARDED_AVAILABILITY = YES_AGGRESSIVE;
				CLANG_WARN_UNREACHABLE_CODE = YES;
				CLANG_WARN__DUPLICATE_METHOD_MATCH = YES;
				CODE_SIGN_IDENTITY = "iPhone Developer";
				COPY_PHASE_STRIP = NO;
				DEBUG_INFORMATION_FORMAT = "dwarf-with-dsym";
				ENABLE_NS_ASSERTIONS = NO;
				ENABLE_STRICT_OBJC_MSGSEND = YES;
				GCC_C_LANGUAGE_STANDARD = gnu11;
				GCC_NO_COMMON_BLOCKS = YES;
				GCC_WARN_64_TO_32_BIT_CONVERSION = YES;
				GCC_WARN_ABOUT_RETURN_TYPE = YES_ERROR;
				GCC_WARN_UNDECLARED_SELECTOR = YES;
				GCC_WARN_UNINITIALIZED_AUTOS = YES_AGGRESSIVE;
				GCC_WARN_UNUSED_FUNCTION = YES;
				GCC_WARN_UNUSED_VARIABLE = YES;
				IPHONEOS_DEPLOYMENT_TARGET = 11.2;
				MTL_ENABLE_DEBUG_INFO = NO;
				SDKROOT = iphoneos;
				VALIDATE_PRODUCT = YES;
			};
			name = Release;
		};
		3C78E0871FD3FBCE00F0503D /* Debug */ = {
			isa = XCBuildConfiguration;
			buildSettings = {
				ASSETCATALOG_COMPILER_APPICON_NAME = AppIcon;
				ASSETCATALOG_COMPILER_LAUNCHIMAGE_NAME = LaunchImage;
				CODE_SIGN_STYLE = Automatic;
				DEVELOPMENT_TEAM = 76R87CFWKW;
				INFOPLIST_FILE = CWC/Info.plist;
				LD_RUNPATH_SEARCH_PATHS = "$(inherited) @executable_path/Frameworks";
				PRODUCT_BUNDLE_IDENTIFIER = com.lxzh.CWC;
				PRODUCT_NAME = "$(TARGET_NAME)";
				TARGETED_DEVICE_FAMILY = "1,2";
			};
			name = Debug;
		};
		3C78E0881FD3FBCE00F0503D /* Release */ = {
			isa = XCBuildConfiguration;
			buildSettings = {
				ASSETCATALOG_COMPILER_APPICON_NAME = AppIcon;
				ASSETCATALOG_COMPILER_LAUNCHIMAGE_NAME = LaunchImage;
				CODE_SIGN_STYLE = Automatic;
				DEVELOPMENT_TEAM = 76R87CFWKW;
				INFOPLIST_FILE = CWC/Info.plist;
				LD_RUNPATH_SEARCH_PATHS = "$(inherited) @executable_path/Frameworks";
				PRODUCT_BUNDLE_IDENTIFIER = com.lxzh.CWC;
				PRODUCT_NAME = "$(TARGET_NAME)";
				TARGETED_DEVICE_FAMILY = "1,2";
			};
			name = Release;
		};
		3C78E08A1FD3FBCE00F0503D /* Debug */ = {
			isa = XCBuildConfiguration;
			buildSettings = {
				BUNDLE_LOADER = "$(TEST_HOST)";
				CODE_SIGN_STYLE = Automatic;
				DEVELOPMENT_TEAM = 76R87CFWKW;
				INFOPLIST_FILE = CWCTests/Info.plist;
				LD_RUNPATH_SEARCH_PATHS = "$(inherited) @executable_path/Frameworks @loader_path/Frameworks";
				PRODUCT_BUNDLE_IDENTIFIER = com.lxzh.CWCTests;
				PRODUCT_NAME = "$(TARGET_NAME)";
				TARGETED_DEVICE_FAMILY = "1,2";
				TEST_HOST = "$(BUILT_PRODUCTS_DIR)/CWC.app/CWC";
			};
			name = Debug;
		};
		3C78E08B1FD3FBCE00F0503D /* Release */ = {
			isa = XCBuildConfiguration;
			buildSettings = {
				BUNDLE_LOADER = "$(TEST_HOST)";
				CODE_SIGN_STYLE = Automatic;
				DEVELOPMENT_TEAM = 76R87CFWKW;
				INFOPLIST_FILE = CWCTests/Info.plist;
				LD_RUNPATH_SEARCH_PATHS = "$(inherited) @executable_path/Frameworks @loader_path/Frameworks";
				PRODUCT_BUNDLE_IDENTIFIER = com.lxzh.CWCTests;
				PRODUCT_NAME = "$(TARGET_NAME)";
				TARGETED_DEVICE_FAMILY = "1,2";
				TEST_HOST = "$(BUILT_PRODUCTS_DIR)/CWC.app/CWC";
			};
			name = Release;
		};
		3C78E08D1FD3FBCE00F0503D /* Debug */ = {
			isa = XCBuildConfiguration;
			buildSettings = {
				CODE_SIGN_STYLE = Automatic;
				DEVELOPMENT_TEAM = 76R87CFWKW;
				INFOPLIST_FILE = CWCUITests/Info.plist;
				LD_RUNPATH_SEARCH_PATHS = "$(inherited) @executable_path/Frameworks @loader_path/Frameworks";
				PRODUCT_BUNDLE_IDENTIFIER = com.lxzh.CWCUITests;
				PRODUCT_NAME = "$(TARGET_NAME)";
				TARGETED_DEVICE_FAMILY = "1,2";
				TEST_TARGET_NAME = CWC;
			};
			name = Debug;
		};
		3C78E08E1FD3FBCE00F0503D /* Release */ = {
			isa = XCBuildConfiguration;
			buildSettings = {
				CODE_SIGN_STYLE = Automatic;
				DEVELOPMENT_TEAM = 76R87CFWKW;
				INFOPLIST_FILE = CWCUITests/Info.plist;
				LD_RUNPATH_SEARCH_PATHS = "$(inherited) @executable_path/Frameworks @loader_path/Frameworks";
				PRODUCT_BUNDLE_IDENTIFIER = com.lxzh.CWCUITests;
				PRODUCT_NAME = "$(TARGET_NAME)";
				TARGETED_DEVICE_FAMILY = "1,2";
				TEST_TARGET_NAME = CWC;
			};
			name = Release;
		};
/* End XCBuildConfiguration section */

/* Begin XCConfigurationList section */
		3C78E0521FD3FBCE00F0503D /* Build configuration list for PBXProject "CWC" */ = {
			isa = XCConfigurationList;
			buildConfigurations = (
				3C78E0841FD3FBCE00F0503D /* Debug */,
				3C78E0851FD3FBCE00F0503D /* Release */,
			);
			defaultConfigurationIsVisible = 0;
			defaultConfigurationName = Release;
		};
		3C78E0861FD3FBCE00F0503D /* Build configuration list for PBXNativeTarget "CWC" */ = {
			isa = XCConfigurationList;
			buildConfigurations = (
				3C78E0871FD3FBCE00F0503D /* Debug */,
				3C78E0881FD3FBCE00F0503D /* Release */,
			);
			defaultConfigurationIsVisible = 0;
			defaultConfigurationName = Release;
		};
		3C78E0891FD3FBCE00F0503D /* Build configuration list for PBXNativeTarget "CWCTests" */ = {
			isa = XCConfigurationList;
			buildConfigurations = (
				3C78E08A1FD3FBCE00F0503D /* Debug */,
				3C78E08B1FD3FBCE00F0503D /* Release */,
			);
			defaultConfigurationIsVisible = 0;
			defaultConfigurationName = Release;
		};
		3C78E08C1FD3FBCE00F0503D /* Build configuration list for PBXNativeTarget "CWCUITests" */ = {
			isa = XCConfigurationList;
			buildConfigurations = (
				3C78E08D1FD3FBCE00F0503D /* Debug */,
				3C78E08E1FD3FBCE00F0503D /* Release */,
			);
			defaultConfigurationIsVisible = 0;
			defaultConfigurationName = Release;
		};
/* End XCConfigurationList section */
	};
	rootObject = 3C78E04F1FD3FBCE00F0503D /* Project object */;
}
